
Microsoft Visual Studio Solution File, Format Version 12.00
# Visual Studio Version 17
VisualStudioVersion = 17.5.33502.453
MinimumVisualStudioVersion = 10.0.40219.1
Project("{9A19103F-16F7-4668-BE54-9A1E7A4F7556}") = "Frontend", "Frontend\Frontend.csproj", "{81743FA0-9E21-41AD-B38D-46C139E2767D}"
EndProject
Project("{FAE04EC0-301F-11D3-BF4B-00C04F79EFBC}") = "Backend", "Backend\Backend.csproj", "{B8BDF647-E3AB-42D9-B289-A7656812D23B}"
EndProject
Global
	GlobalSection(SolutionConfigurationPlatforms) = preSolution
		Debug|Any CPU = Debug|Any CPU
		Release|Any CPU = Release|Any CPU
	EndGlobalSection
	GlobalSection(ProjectConfigurationPlatforms) = postSolution
		{81743FA0-9E21-41AD-B38D-46C139E2767D}.Debug|Any CPU.ActiveCfg = Debug|Any CPU
		{81743FA0-9E21-41AD-B38D-46C139E2767D}.Debug|Any CPU.Build.0 = Debug|Any CPU
		{81743FA0-9E21-41AD-B38D-46C139E2767D}.Release|Any CPU.ActiveCfg = Release|Any CPU
		{81743FA0-9E21-41AD-B38D-46C139E2767D}.Release|Any CPU.Build.0 = Release|Any CPU
		{B8BDF647-E3AB-42D9-B289-A7656812D23B}.Debug|Any CPU.ActiveCfg = Debug|Any CPU
		{B8BDF647-E3AB-42D9-B289-A7656812D23B}.Debug|Any CPU.Build.0 = Debug|Any CPU
		{B8BDF647-E3AB-42D9-B289-A7656812D23B}.Release|Any CPU.ActiveCfg = Release|Any CPU
		{B8BDF647-E3AB-42D9-B289-A7656812D23B}.Release|Any CPU.Build.0 = Release|Any CPU
	EndGlobalSection
	GlobalSection(SolutionProperties) = preSolution
		HideSolutionNode = FALSE
	EndGlobalSection
	GlobalSection(ExtensibilityGlobals) = postSolution
		SolutionGuid = {A0911EED-8738-47DD-91E3-A40A1B0A3DD2}
	EndGlobalSection
EndGlobal
